
Microsoft Visual Studio Solution File, Format Version 12.00
# Visual Studio Version 17
VisualStudioVersion = 17.6.33723.286
MinimumVisualStudioVersion = 10.0.40219.1
Project("{FAE04EC0-301F-11D3-BF4B-00C04F79EFBC}") = "JSONServices", "JSONServices\JSONServices.csproj", "{ADC689CD-12D7-440C-9107-C20A0717FCB3}"
EndProject
Global
	GlobalSection(SolutionConfigurationPlatforms) = preSolution
		Debug|Any CPU = Debug|Any CPU
		Release|Any CPU = Release|Any CPU
	EndGlobalSection
	GlobalSection(ProjectConfigurationPlatforms) = postSolution
		{ADC689CD-12D7-440C-9107-C20A0717FCB3}.Debug|Any CPU.ActiveCfg = Debug|Any CPU
		{ADC689CD-12D7-440C-9107-C20A0717FCB3}.Debug|Any CPU.Build.0 = Debug|Any CPU
		{ADC689CD-12D7-440C-9107-C20A0717FCB3}.Release|Any CPU.ActiveCfg = Release|Any CPU
		{ADC689CD-12D7-440C-9107-C20A0717FCB3}.Release|Any CPU.Build.0 = Release|Any CPU
	EndGlobalSection
	GlobalSection(SolutionProperties) = preSolution
		HideSolutionNode = FALSE
	EndGlobalSection
	GlobalSection(ExtensibilityGlobals) = postSolution
		SolutionGuid = {6591E2AF-39D9-47CA-8AC2-15997B83E9EC}
	EndGlobalSection
EndGlobal
